
Microsoft Visual Studio Solution File, Format Version 12.00
# Visual Studio Version 16
VisualStudioVersion = 16.0.28803.452
MinimumVisualStudioVersion = 10.0.40219.1
Project("{F184B08F-C81C-45F6-A57F-5ABD9991F28F}") = "MUTTCP", "MUTTCP\MUTTCP.vbproj", "{BA0F9249-DBDD-4FE1-8DBB-210449BF25A3}"
EndProject
Project("{F184B08F-C81C-45F6-A57F-5ABD9991F28F}") = "MUTTCP_ss", "MUTTCP_ss\MUTTCP_ss.vbproj", "{4ECBADE7-031D-4150-9ABA-AB26454A0FEA}"
EndProject
Global
	GlobalSection(SolutionConfigurationPlatforms) = preSolution
		Debug|Any CPU = Debug|Any CPU
		Release|Any CPU = Release|Any CPU
	EndGlobalSection
	GlobalSection(ProjectConfigurationPlatforms) = postSolution
		{BA0F9249-DBDD-4FE1-8DBB-210449BF25A3}.Debug|Any CPU.ActiveCfg = Debug|Any CPU
		{BA0F9249-DBDD-4FE1-8DBB-210449BF25A3}.Debug|Any CPU.Build.0 = Debug|Any CPU
		{BA0F9249-DBDD-4FE1-8DBB-210449BF25A3}.Release|Any CPU.ActiveCfg = Release|Any CPU
		{BA0F9249-DBDD-4FE1-8DBB-210449BF25A3}.Release|Any CPU.Build.0 = Release|Any CPU
		{4ECBADE7-031D-4150-9ABA-AB26454A0FEA}.Debug|Any CPU.ActiveCfg = Debug|Any CPU
		{4ECBADE7-031D-4150-9ABA-AB26454A0FEA}.Debug|Any CPU.Build.0 = Debug|Any CPU
		{4ECBADE7-031D-4150-9ABA-AB26454A0FEA}.Release|Any CPU.ActiveCfg = Release|Any CPU
		{4ECBADE7-031D-4150-9ABA-AB26454A0FEA}.Release|Any CPU.Build.0 = Release|Any CPU
	EndGlobalSection
	GlobalSection(SolutionProperties) = preSolution
		HideSolutionNode = FALSE
	EndGlobalSection
	GlobalSection(ExtensibilityGlobals) = postSolution
		SolutionGuid = {A0B5BDCC-0EB1-4ABC-B283-57BE7EE9659D}
	EndGlobalSection
EndGlobal
